
Microsoft Visual Studio Solution File, Format Version 12.00
Project("{FAE04EC0-301F-11D3-BF4B-00C04F79EFBC}") = "Tutorial11Task", "Tutorial11Task\Tutorial11Task.csproj", "{66702FD1-A1E6-437B-831C-0430B8D4E712}"
EndProject
Global
	GlobalSection(SolutionConfigurationPlatforms) = preSolution
		Debug|Any CPU = Debug|Any CPU
		Release|Any CPU = Release|Any CPU
	EndGlobalSection
	GlobalSection(ProjectConfigurationPlatforms) = postSolution
		{66702FD1-A1E6-437B-831C-0430B8D4E712}.Debug|Any CPU.ActiveCfg = Debug|Any CPU
		{66702FD1-A1E6-437B-831C-0430B8D4E712}.Debug|Any CPU.Build.0 = Debug|Any CPU
		{66702FD1-A1E6-437B-831C-0430B8D4E712}.Release|Any CPU.ActiveCfg = Release|Any CPU
		{66702FD1-A1E6-437B-831C-0430B8D4E712}.Release|Any CPU.Build.0 = Release|Any CPU
	EndGlobalSection
EndGlobal
